// !$*UTF8*$!
{
	archiveVersion = 1;
	classes = {
	};
	objectVersion = 77;
	objects = {

/* Begin PBXBuildFile section */
		2485BC872F2417960068996D /* MemoryGame224Tests.xctestplan in Resources */ = {isa = PBXBuildFile; fileRef = 2485BC862F2417960068996D /* MemoryGame224Tests.xctestplan */; };
		2485BC882F2417A60068996D /* MemoryGame224Tests.xctestplan in Resources */ = {isa = PBXBuildFile; fileRef = 2485BC862F2417960068996D /* MemoryGame224Tests.xctestplan */; };
		24FF73092F20466600323A6D /* AppIcon.icon in Resources */ = {isa = PBXBuildFile; fileRef = 24FF73082F20466600323A6D /* AppIcon.icon */; };
/* End PBXBuildFile section */

/* Begin PBXContainerItemProxy section */
		245797C42F0C40010038AED1 /* PBXContainerItemProxy */ = {
			isa = PBXContainerItemProxy;
			containerPortal = 245797AE2F0C40000038AED1 /* Project object */;
			proxyType = 1;
			remoteGlobalIDString = 245797B52F0C40000038AED1;
			remoteInfo = MemoryGame226;
		};
		245797CE2F0C40010038AED1 /* PBXContainerItemProxy */ = {
			isa = PBXContainerItemProxy;
			containerPortal = 245797AE2F0C40000038AED1 /* Project object */;
			proxyType = 1;
			remoteGlobalIDString = 245797B52F0C40000038AED1;
			remoteInfo = MemoryGame226;
		};
/* End PBXContainerItemProxy section */

/* Begin PBXFileReference section */
		245797B62F0C40000038AED1 /* MemoryGame224.app */ = {isa = PBXFileReference; explicitFileType = wrapper.application; includeInIndex = 0; path = MemoryGame224.app; sourceTree = BUILT_PRODUCTS_DIR; };
		245797C32F0C40010038AED1 /* MemoryGame224Tests.xctest */ = {isa = PBXFileReference; explicitFileType = wrapper.cfbundle; includeInIndex = 0; path = MemoryGame224Tests.xctest; sourceTree = BUILT_PRODUCTS_DIR; };
		245797CD2F0C40010038AED1 /* MemoryGame224UITests.xctest */ = {isa = PBXFileReference; explicitFileType = wrapper.cfbundle; includeInIndex = 0; path = MemoryGame224UITests.xctest; sourceTree = BUILT_PRODUCTS_DIR; };
		2485BC862F2417960068996D /* MemoryGame224Tests.xctestplan */ = {isa = PBXFileReference; lastKnownFileType = text; path = MemoryGame224Tests.xctestplan; sourceTree = "<group>"; };
		24FF73082F20466600323A6D /* AppIcon.icon */ = {isa = PBXFileReference; lastKnownFileType = folder.iconcomposer.icon; path = AppIcon.icon; sourceTree = "<group>"; };
/* End PBXFileReference section */

/* Begin PBXFileSystemSynchronizedBuildFileExceptionSet section */
		24A329BF2F0FFF500008C926 /* Exceptions for "MemoryGame224" folder in "MemoryGame224Tests" target */ = {
			isa = PBXFileSystemSynchronizedBuildFileExceptionSet;
			membershipExceptions = (
				Model/CardModel.swift,
			);
			target = 245797C22F0C40010038AED1 /* MemoryGame224Tests */;
		};
		24A329C02F0FFF500008C926 /* Exceptions for "MemoryGame224" folder in "MemoryGame224UITests" target */ = {
			isa = PBXFileSystemSynchronizedBuildFileExceptionSet;
			membershipExceptions = (
				Model/CardModel.swift,
				View/Cards/SuitCardView.swift,
				View/ContentView.swift,
				View/Helper/Game/GameTabButtonsView.swift,
				View/Helper/Settings/SettingsSuitPickerView.swift,
				View/Helper/Settings/SettingsTabThumbnailView.swift,
				View/Pages/GameView.swift,
				View/Pages/SettingsView.swift,
			);
			target = 245797CC2F0C40010038AED1 /* MemoryGame224UITests */;
		};
/* End PBXFileSystemSynchronizedBuildFileExceptionSet section */

/* Begin PBXFileSystemSynchronizedRootGroup section */
		245797B82F0C40000038AED1 /* MemoryGame224 */ = {
			isa = PBXFileSystemSynchronizedRootGroup;
			exceptions = (
				24A329BF2F0FFF500008C926 /* Exceptions for "MemoryGame224" folder in "MemoryGame224Tests" target */,
				24A329C02F0FFF500008C926 /* Exceptions for "MemoryGame224" folder in "MemoryGame224UITests" target */,
			);
			path = MemoryGame224;
			sourceTree = "<group>";
		};
		245797C62F0C40010038AED1 /* MemoryGame224Tests */ = {
			isa = PBXFileSystemSynchronizedRootGroup;
			path = MemoryGame224Tests;
			sourceTree = "<group>";
		};
		245797D02F0C40010038AED1 /* MemoryGame224UITests */ = {
			isa = PBXFileSystemSynchronizedRootGroup;
			path = MemoryGame224UITests;
			sourceTree = "<group>";
		};
/* End PBXFileSystemSynchronizedRootGroup section */

/* Begin PBXFrameworksBuildPhase section */
		245797B32F0C40000038AED1 /* Frameworks */ = {
			isa = PBXFrameworksBuildPhase;
			buildActionMask = 2147483647;
			files = (
			);
			runOnlyForDeploymentPostprocessing = 0;
		};
		245797C02F0C40010038AED1 /* Frameworks */ = {
			isa = PBXFrameworksBuildPhase;
			buildActionMask = 2147483647;
			files = (
			);
			runOnlyForDeploymentPostprocessing = 0;
		};
		245797CA2F0C40010038AED1 /* Frameworks */ = {
			isa = PBXFrameworksBuildPhase;
			buildActionMask = 2147483647;
			files = (
			);
			runOnlyForDeploymentPostprocessing = 0;
		};
/* End PBXFrameworksBuildPhase section */

/* Begin PBXGroup section */
		245797AD2F0C40000038AED1 = {
			isa = PBXGroup;
			children = (
				2485BC862F2417960068996D /* MemoryGame224Tests.xctestplan */,
				245797B82F0C40000038AED1 /* MemoryGame224 */,
				24A329C72F1002B00008C926 /* Tests */,
				245797B72F0C40000038AED1 /* Products */,
				24FF73082F20466600323A6D /* AppIcon.icon */,
			);
			sourceTree = "<group>";
		};
		245797B72F0C40000038AED1 /* Products */ = {
			isa = PBXGroup;
			children = (
				245797B62F0C40000038AED1 /* MemoryGame224.app */,
				245797C32F0C40010038AED1 /* MemoryGame224Tests.xctest */,
				245797CD2F0C40010038AED1 /* MemoryGame224UITests.xctest */,
			);
			name = Products;
			sourceTree = "<group>";
		};
		24A329C72F1002B00008C926 /* Tests */ = {
			isa = PBXGroup;
			children = (
				245797C62F0C40010038AED1 /* MemoryGame224Tests */,
				245797D02F0C40010038AED1 /* MemoryGame224UITests */,
			);
			path = Tests;
			sourceTree = "<group>";
		};
/* End PBXGroup section */

/* Begin PBXNativeTarget section */
		245797B52F0C40000038AED1 /* MemoryGame224 */ = {
			isa = PBXNativeTarget;
			buildConfigurationList = 245797D72F0C40010038AED1 /* Build configuration list for PBXNativeTarget "MemoryGame224" */;
			buildPhases = (
				245797B22F0C40000038AED1 /* Sources */,
				245797B32F0C40000038AED1 /* Frameworks */,
				245797B42F0C40000038AED1 /* Resources */,
			);
			buildRules = (
			);
			dependencies = (
			);
			fileSystemSynchronizedGroups = (
				245797B82F0C40000038AED1 /* MemoryGame224 */,
			);
			name = MemoryGame224;
			packageProductDependencies = (
			);
			productName = MemoryGame226;
			productReference = 245797B62F0C40000038AED1 /* MemoryGame224.app */;
			productType = "com.apple.product-type.application";
		};
		245797C22F0C40010038AED1 /* MemoryGame224Tests */ = {
			isa = PBXNativeTarget;
			buildConfigurationList = 245797DA2F0C40010038AED1 /* Build configuration list for PBXNativeTarget "MemoryGame224Tests" */;
			buildPhases = (
				245797BF2F0C40010038AED1 /* Sources */,
				245797C02F0C40010038AED1 /* Frameworks */,
				245797C12F0C40010038AED1 /* Resources */,
			);
			buildRules = (
			);
			dependencies = (
				245797C52F0C40010038AED1 /* PBXTargetDependency */,
			);
			fileSystemSynchronizedGroups = (
				245797C62F0C40010038AED1 /* MemoryGame224Tests */,
			);
			name = MemoryGame224Tests;
			packageProductDependencies = (
			);
			productName = MemoryGame226Tests;
			productReference = 245797C32F0C40010038AED1 /* MemoryGame224Tests.xctest */;
			productType = "com.apple.product-type.bundle.unit-test";
		};
		245797CC2F0C40010038AED1 /* MemoryGame224UITests */ = {
			isa = PBXNativeTarget;
			buildConfigurationList = 245797DD2F0C40010038AED1 /* Build configuration list for PBXNativeTarget "MemoryGame224UITests" */;
			buildPhases = (
				245797C92F0C40010038AED1 /* Sources */,
				245797CA2F0C40010038AED1 /* Frameworks */,
				245797CB2F0C40010038AED1 /* Resources */,
			);
			buildRules = (
			);
			dependencies = (
				245797CF2F0C40010038AED1 /* PBXTargetDependency */,
			);
			fileSystemSynchronizedGroups = (
				245797D02F0C40010038AED1 /* MemoryGame224UITests */,
			);
			name = MemoryGame224UITests;
			packageProductDependencies = (
			);
			productName = MemoryGame226UITests;
			productReference = 245797CD2F0C40010038AED1 /* MemoryGame224UITests.xctest */;
			productType = "com.apple.product-type.bundle.ui-testing";
		};
/* End PBXNativeTarget section */

/* Begin PBXProject section */
		245797AE2F0C40000038AED1 /* Project object */ = {
			isa = PBXProject;
			attributes = {
				BuildIndependentTargetsInParallel = 1;
				LastSwiftUpdateCheck = 2620;
				LastUpgradeCheck = 2620;
				TargetAttributes = {
					245797B52F0C40000038AED1 = {
						CreatedOnToolsVersion = 26.2;
					};
					245797C22F0C40010038AED1 = {
						CreatedOnToolsVersion = 26.2;
						TestTargetID = 245797B52F0C40000038AED1;
					};
					245797CC2F0C40010038AED1 = {
						CreatedOnToolsVersion = 26.2;
						TestTargetID = 245797B52F0C40000038AED1;
					};
				};
			};
			buildConfigurationList = 245797B12F0C40000038AED1 /* Build configuration list for PBXProject "MemoryGame224" */;
			developmentRegion = en;
			hasScannedForEncodings = 0;
			knownRegions = (
				en,
				Base,
			);
			mainGroup = 245797AD2F0C40000038AED1;
			minimizedProjectReferenceProxies = 1;
			preferredProjectObjectVersion = 77;
			productRefGroup = 245797B72F0C40000038AED1 /* Products */;
			projectDirPath = "";
			projectRoot = "";
			targets = (
				245797B52F0C40000038AED1 /* MemoryGame224 */,
				245797C22F0C40010038AED1 /* MemoryGame224Tests */,
				245797CC2F0C40010038AED1 /* MemoryGame224UITests */,
			);
		};
/* End PBXProject section */

/* Begin PBXResourcesBuildPhase section */
		245797B42F0C40000038AED1 /* Resources */ = {
			isa = PBXResourcesBuildPhase;
			buildActionMask = 2147483647;
			files = (
				24FF73092F20466600323A6D /* AppIcon.icon in Resources */,
				2485BC872F2417960068996D /* MemoryGame224Tests.xctestplan in Resources */,
			);
			runOnlyForDeploymentPostprocessing = 0;
		};
		245797C12F0C40010038AED1 /* Resources */ = {
			isa = PBXResourcesBuildPhase;
			buildActionMask = 2147483647;
			files = (
			);
			runOnlyForDeploymentPostprocessing = 0;
		};
		245797CB2F0C40010038AED1 /* Resources */ = {
			isa = PBXResourcesBuildPhase;
			buildActionMask = 2147483647;
			files = (
				2485BC882F2417A60068996D /* MemoryGame224Tests.xctestplan in Resources */,
			);
			runOnlyForDeploymentPostprocessing = 0;
		};
/* End PBXResourcesBuildPhase section */

/* Begin PBXSourcesBuildPhase section */
		245797B22F0C40000038AED1 /* Sources */ = {
			isa = PBXSourcesBuildPhase;
			buildActionMask = 2147483647;
			files = (
			);
			runOnlyForDeploymentPostprocessing = 0;
		};
		245797BF2F0C40010038AED1 /* Sources */ = {
			isa = PBXSourcesBuildPhase;
			buildActionMask = 2147483647;
			files = (
			);
			runOnlyForDeploymentPostprocessing = 0;
		};
		245797C92F0C40010038AED1 /* Sources */ = {
			isa = PBXSourcesBuildPhase;
			buildActionMask = 2147483647;
			files = (
			);
			runOnlyForDeploymentPostprocessing = 0;
		};
/* End PBXSourcesBuildPhase section */

/* Begin PBXTargetDependency section */
		245797C52F0C40010038AED1 /* PBXTargetDependency */ = {
			isa = PBXTargetDependency;
			target = 245797B52F0C40000038AED1 /* MemoryGame224 */;
			targetProxy = 245797C42F0C40010038AED1 /* PBXContainerItemProxy */;
		};
		245797CF2F0C40010038AED1 /* PBXTargetDependency */ = {
			isa = PBXTargetDependency;
			target = 245797B52F0C40000038AED1 /* MemoryGame224 */;
			targetProxy = 245797CE2F0C40010038AED1 /* PBXContainerItemProxy */;
		};
/* End PBXTargetDependency section */

/* Begin XCBuildConfiguration section */
		245797D52F0C40010038AED1 /* Debug */ = {
			isa = XCBuildConfiguration;
			buildSettings = {
				ALWAYS_SEARCH_USER_PATHS = NO;
				ASSETCATALOG_COMPILER_GENERATE_SWIFT_ASSET_SYMBOL_EXTENSIONS = YES;
				CLANG_ANALYZER_NONNULL = YES;
				CLANG_ANALYZER_NUMBER_OBJECT_CONVERSION = YES_AGGRESSIVE;
				CLANG_CXX_LANGUAGE_STANDARD = "gnu++20";
				CLANG_ENABLE_MODULES = YES;
				CLANG_ENABLE_OBJC_ARC = YES;
				CLANG_ENABLE_OBJC_WEAK = YES;
				CLANG_WARN_BLOCK_CAPTURE_AUTORELEASING = YES;
				CLANG_WARN_BOOL_CONVERSION = YES;
				CLANG_WARN_COMMA = YES;
				CLANG_WARN_CONSTANT_CONVERSION = YES;
				CLANG_WARN_DEPRECATED_OBJC_IMPLEMENTATIONS = YES;
				CLANG_WARN_DIRECT_OBJC_ISA_USAGE = YES_ERROR;
				CLANG_WARN_DOCUMENTATION_COMMENTS = YES;
				CLANG_WARN_EMPTY_BODY = YES;
				CLANG_WARN_ENUM_CONVERSION = YES;
				CLANG_WARN_INFINITE_RECURSION = YES;
				CLANG_WARN_INT_CONVERSION = YES;
				CLANG_WARN_NON_LITERAL_NULL_CONVERSION = YES;
				CLANG_WARN_OBJC_IMPLICIT_RETAIN_SELF = YES;
				CLANG_WARN_OBJC_LITERAL_CONVERSION = YES;
				CLANG_WARN_OBJC_ROOT_CLASS = YES_ERROR;
				CLANG_WARN_QUOTED_INCLUDE_IN_FRAMEWORK_HEADER = YES;
				CLANG_WARN_RANGE_LOOP_ANALYSIS = YES;
				CLANG_WARN_STRICT_PROTOTYPES = YES;
				CLANG_WARN_SUSPICIOUS_MOVE = YES;
				CLANG_WARN_UNGUARDED_AVAILABILITY = YES_AGGRESSIVE;
				CLANG_WARN_UNREACHABLE_CODE = YES;
				CLANG_WARN__DUPLICATE_METHOD_MATCH = YES;
				COPY_PHASE_STRIP = NO;
				DEBUG_INFORMATION_FORMAT = dwarf;
				DEVELOPMENT_TEAM = 5GXY6J3HHB;
				ENABLE_STRICT_OBJC_MSGSEND = YES;
				ENABLE_TESTABILITY = YES;
				ENABLE_USER_SCRIPT_SANDBOXING = YES;
				GCC_C_LANGUAGE_STANDARD = gnu17;
				GCC_DYNAMIC_NO_PIC = NO;
				GCC_NO_COMMON_BLOCKS = YES;
				GCC_OPTIMIZATION_LEVEL = 0;
				GCC_PREPROCESSOR_DEFINITIONS = (
					"DEBUG=1",
					"$(inherited)",
				);
				GCC_WARN_64_TO_32_BIT_CONVERSION = YES;
				GCC_WARN_ABOUT_RETURN_TYPE = YES_ERROR;
				GCC_WARN_UNDECLARED_SELECTOR = YES;
				GCC_WARN_UNINITIALIZED_AUTOS = YES_AGGRESSIVE;
				GCC_WARN_UNUSED_FUNCTION = YES;
				GCC_WARN_UNUSED_VARIABLE = YES;
				IPHONEOS_DEPLOYMENT_TARGET = 26.2;
				LOCALIZATION_PREFERS_STRING_CATALOGS = YES;
				MTL_ENABLE_DEBUG_INFO = INCLUDE_SOURCE;
				MTL_FAST_MATH = YES;
				ONLY_ACTIVE_ARCH = YES;
				SDKROOT = iphoneos;
				SWIFT_ACTIVE_COMPILATION_CONDITIONS = "DEBUG $(inherited)";
				SWIFT_OPTIMIZATION_LEVEL = "-Onone";
			};
			name = Debug;
		};
		245797D62F0C40010038AED1 /* Release */ = {
			isa = XCBuildConfiguration;
			buildSettings = {
				ALWAYS_SEARCH_USER_PATHS = NO;
				ASSETCATALOG_COMPILER_GENERATE_SWIFT_ASSET_SYMBOL_EXTENSIONS = YES;
				CLANG_ANALYZER_NONNULL = YES;
				CLANG_ANALYZER_NUMBER_OBJECT_CONVERSION = YES_AGGRESSIVE;
				CLANG_CXX_LANGUAGE_STANDARD = "gnu++20";
				CLANG_ENABLE_MODULES = YES;
				CLANG_ENABLE_OBJC_ARC = YES;
				CLANG_ENABLE_OBJC_WEAK = YES;
				CLANG_WARN_BLOCK_CAPTURE_AUTORELEASING = YES;
				CLANG_WARN_BOOL_CONVERSION = YES;
				CLANG_WARN_COMMA = YES;
				CLANG_WARN_CONSTANT_CONVERSION = YES;
				CLANG_WARN_DEPRECATED_OBJC_IMPLEMENTATIONS = YES;
				CLANG_WARN_DIRECT_OBJC_ISA_USAGE = YES_ERROR;
				CLANG_WARN_DOCUMENTATION_COMMENTS = YES;
				CLANG_WARN_EMPTY_BODY = YES;
				CLANG_WARN_ENUM_CONVERSION = YES;
				CLANG_WARN_INFINITE_RECURSION = YES;
				CLANG_WARN_INT_CONVERSION = YES;
				CLANG_WARN_NON_LITERAL_NULL_CONVERSION = YES;
				CLANG_WARN_OBJC_IMPLICIT_RETAIN_SELF = YES;
				CLANG_WARN_OBJC_LITERAL_CONVERSION = YES;
				CLANG_WARN_OBJC_ROOT_CLASS = YES_ERROR;
				CLANG_WARN_QUOTED_INCLUDE_IN_FRAMEWORK_HEADER = YES;
				CLANG_WARN_RANGE_LOOP_ANALYSIS = YES;
				CLANG_WARN_STRICT_PROTOTYPES = YES;
				CLANG_WARN_SUSPICIOUS_MOVE = YES;
				CLANG_WARN_UNGUARDED_AVAILABILITY = YES_AGGRESSIVE;
				CLANG_WARN_UNREACHABLE_CODE = YES;
				CLANG_WARN__DUPLICATE_METHOD_MATCH = YES;
				COPY_PHASE_STRIP = NO;
				DEBUG_INFORMATION_FORMAT = "dwarf-with-dsym";
				DEVELOPMENT_TEAM = 5GXY6J3HHB;
				ENABLE_NS_ASSERTIONS = NO;
				ENABLE_STRICT_OBJC_MSGSEND = YES;
				ENABLE_USER_SCRIPT_SANDBOXING = YES;
				GCC_C_LANGUAGE_STANDARD = gnu17;
				GCC_NO_COMMON_BLOCKS = YES;
				GCC_WARN_64_TO_32_BIT_CONVERSION = YES;
				GCC_WARN_ABOUT_RETURN_TYPE = YES_ERROR;
				GCC_WARN_UNDECLARED_SELECTOR = YES;
				GCC_WARN_UNINITIALIZED_AUTOS = YES_AGGRESSIVE;
				GCC_WARN_UNUSED_FUNCTION = YES;
				GCC_WARN_UNUSED_VARIABLE = YES;
				IPHONEOS_DEPLOYMENT_TARGET = 26.2;
				LOCALIZATION_PREFERS_STRING_CATALOGS = YES;
				MTL_ENABLE_DEBUG_INFO = NO;
				MTL_FAST_MATH = YES;
				SDKROOT = iphoneos;
				SWIFT_COMPILATION_MODE = wholemodule;
				VALIDATE_PRODUCT = YES;
			};
			name = Release;
		};
		245797D82F0C40010038AED1 /* Debug */ = {
			isa = XCBuildConfiguration;
			buildSettings = {
				ASSETCATALOG_COMPILER_APPICON_NAME = AppIcon;
				ASSETCATALOG_COMPILER_GLOBAL_ACCENT_COLOR_NAME = AccentColor;
				CODE_SIGN_IDENTITY = "Apple Development";
				CODE_SIGN_STYLE = Automatic;
				CURRENT_PROJECT_VERSION = 1;
				DEVELOPMENT_TEAM = 5GXY6J3HHB;
				ENABLE_PREVIEWS = YES;
				GENERATE_INFOPLIST_FILE = YES;
				INFOPLIST_FILE = "";
				INFOPLIST_KEY_CFBundleDisplayName = "Memory Game";
				INFOPLIST_KEY_LSApplicationCategoryType = "public.app-category.card-games";
				INFOPLIST_KEY_UIApplicationSceneManifest_Generation = YES;
				INFOPLIST_KEY_UIApplicationSupportsIndirectInputEvents = YES;
				INFOPLIST_KEY_UILaunchScreen_Generation = YES;
				INFOPLIST_KEY_UISupportedInterfaceOrientations = "";
				INFOPLIST_KEY_UISupportedInterfaceOrientations_iPad = "UIInterfaceOrientationLandscapeLeft UIInterfaceOrientationLandscapeRight UIInterfaceOrientationPortrait UIInterfaceOrientationPortraitUpsideDown";
				LD_RUNPATH_SEARCH_PATHS = (
					"$(inherited)",
					"@executable_path/Frameworks",
				);
				MARKETING_VERSION = 0.1;
				PRODUCT_BUNDLE_IDENTIFIER = ca.calebmirvine.ics0522047.MemoryGame224;
				PRODUCT_NAME = "$(TARGET_NAME)";
				PROVISIONING_PROFILE_SPECIFIER = "";
				STRING_CATALOG_GENERATE_SYMBOLS = YES;
				SWIFT_APPROACHABLE_CONCURRENCY = YES;
				SWIFT_DEFAULT_ACTOR_ISOLATION = MainActor;
				SWIFT_EMIT_LOC_STRINGS = YES;
				SWIFT_UPCOMING_FEATURE_MEMBER_IMPORT_VISIBILITY = YES;
				SWIFT_VERSION = 5.0;
				TARGETED_DEVICE_FAMILY = "1,2";
			};
			name = Debug;
		};
		245797D92F0C40010038AED1 /* Release */ = {
			isa = XCBuildConfiguration;
			buildSettings = {
				ASSETCATALOG_COMPILER_APPICON_NAME = AppIcon;
				ASSETCATALOG_COMPILER_GLOBAL_ACCENT_COLOR_NAME = AccentColor;
				CODE_SIGN_IDENTITY = "Apple Development";
				CODE_SIGN_STYLE = Automatic;
				CURRENT_PROJECT_VERSION = 1;
				DEVELOPMENT_TEAM = 5GXY6J3HHB;
				ENABLE_PREVIEWS = YES;
				GENERATE_INFOPLIST_FILE = YES;
				INFOPLIST_FILE = "";
				INFOPLIST_KEY_CFBundleDisplayName = "Memory Game";
				INFOPLIST_KEY_LSApplicationCategoryType = "public.app-category.card-games";
				INFOPLIST_KEY_UIApplicationSceneManifest_Generation = YES;
				INFOPLIST_KEY_UIApplicationSupportsIndirectInputEvents = YES;
				INFOPLIST_KEY_UILaunchScreen_Generation = YES;
				INFOPLIST_KEY_UISupportedInterfaceOrientations = "";
				INFOPLIST_KEY_UISupportedInterfaceOrientations_iPad = "UIInterfaceOrientationLandscapeLeft UIInterfaceOrientationLandscapeRight UIInterfaceOrientationPortrait UIInterfaceOrientationPortraitUpsideDown";
				LD_RUNPATH_SEARCH_PATHS = (
					"$(inherited)",
					"@executable_path/Frameworks",
				);
				MARKETING_VERSION = 0.1;
				PRODUCT_BUNDLE_IDENTIFIER = ca.calebmirvine.ics0522047.MemoryGame224;
				PRODUCT_NAME = "$(TARGET_NAME)";
				PROVISIONING_PROFILE_SPECIFIER = "";
				STRING_CATALOG_GENERATE_SYMBOLS = YES;
				SWIFT_APPROACHABLE_CONCURRENCY = YES;
				SWIFT_DEFAULT_ACTOR_ISOLATION = MainActor;
				SWIFT_EMIT_LOC_STRINGS = YES;
				SWIFT_UPCOMING_FEATURE_MEMBER_IMPORT_VISIBILITY = YES;
				SWIFT_VERSION = 5.0;
				TARGETED_DEVICE_FAMILY = "1,2";
			};
			name = Release;
		};
		245797DB2F0C40010038AED1 /* Debug */ = {
			isa = XCBuildConfiguration;
			buildSettings = {
				BUNDLE_LOADER = "$(TEST_HOST)";
				CODE_SIGN_STYLE = Automatic;
				CURRENT_PROJECT_VERSION = 1;
				DEVELOPMENT_TEAM = 5GXY6J3HHB;
				GENERATE_INFOPLIST_FILE = YES;
				IPHONEOS_DEPLOYMENT_TARGET = 26.2;
				MARKETING_VERSION = 1.0;
				PRODUCT_BUNDLE_IDENTIFIER = ca.camosun.ics0522047.MemoryGame224Tests;
				PRODUCT_NAME = "$(TARGET_NAME)";
				STRING_CATALOG_GENERATE_SYMBOLS = NO;
				SWIFT_APPROACHABLE_CONCURRENCY = YES;
				SWIFT_EMIT_LOC_STRINGS = NO;
				SWIFT_UPCOMING_FEATURE_MEMBER_IMPORT_VISIBILITY = YES;
				SWIFT_VERSION = 5.0;
				TARGETED_DEVICE_FAMILY = "1,2";
				TEST_HOST = "$(BUILT_PRODUCTS_DIR)/MemoryGame224.app/$(BUNDLE_EXECUTABLE_FOLDER_PATH)/MemoryGame224";
			};
			name = Debug;
		};
		245797DC2F0C40010038AED1 /* Release */ = {
			isa = XCBuildConfiguration;
			buildSettings = {
				BUNDLE_LOADER = "$(TEST_HOST)";
				CODE_SIGN_STYLE = Automatic;
				CURRENT_PROJECT_VERSION = 1;
				DEVELOPMENT_TEAM = 5GXY6J3HHB;
				GENERATE_INFOPLIST_FILE = YES;
				IPHONEOS_DEPLOYMENT_TARGET = 26.2;
				MARKETING_VERSION = 1.0;
				PRODUCT_BUNDLE_IDENTIFIER = ca.camosun.ics0522047.MemoryGame224Tests;
				PRODUCT_NAME = "$(TARGET_NAME)";
				STRING_CATALOG_GENERATE_SYMBOLS = NO;
				SWIFT_APPROACHABLE_CONCURRENCY = YES;
				SWIFT_EMIT_LOC_STRINGS = NO;
				SWIFT_UPCOMING_FEATURE_MEMBER_IMPORT_VISIBILITY = YES;
				SWIFT_VERSION = 5.0;
				TARGETED_DEVICE_FAMILY = "1,2";
				TEST_HOST = "$(BUILT_PRODUCTS_DIR)/MemoryGame224.app/$(BUNDLE_EXECUTABLE_FOLDER_PATH)/MemoryGame224";
			};
			name = Release;
		};
		245797DE2F0C40010038AED1 /* Debug */ = {
			isa = XCBuildConfiguration;
			buildSettings = {
				CODE_SIGN_STYLE = Manual;
				CURRENT_PROJECT_VERSION = 1;
				DEVELOPMENT_TEAM = "";
				GENERATE_INFOPLIST_FILE = YES;
				MARKETING_VERSION = 1.0;
				PRODUCT_BUNDLE_IDENTIFIER = ca.camosun.ics0522047.MemoryGame224UITests;
				PRODUCT_NAME = "$(TARGET_NAME)";
				PROVISIONING_PROFILE_SPECIFIER = "";
				STRING_CATALOG_GENERATE_SYMBOLS = NO;
				SWIFT_APPROACHABLE_CONCURRENCY = YES;
				SWIFT_EMIT_LOC_STRINGS = NO;
				SWIFT_UPCOMING_FEATURE_MEMBER_IMPORT_VISIBILITY = YES;
				SWIFT_VERSION = 5.0;
				TARGETED_DEVICE_FAMILY = "1,2";
				TEST_TARGET_NAME = MemoryGame224;
			};
			name = Debug;
		};
		245797DF2F0C40010038AED1 /* Release */ = {
			isa = XCBuildConfiguration;
			buildSettings = {
				CODE_SIGN_STYLE = Manual;
				CURRENT_PROJECT_VERSION = 1;
				DEVELOPMENT_TEAM = "";
				GENERATE_INFOPLIST_FILE = YES;
				MARKETING_VERSION = 1.0;
				PRODUCT_BUNDLE_IDENTIFIER = ca.camosun.ics0522047.MemoryGame224UITests;
				PRODUCT_NAME = "$(TARGET_NAME)";
				PROVISIONING_PROFILE_SPECIFIER = "";
				STRING_CATALOG_GENERATE_SYMBOLS = NO;
				SWIFT_APPROACHABLE_CONCURRENCY = YES;
				SWIFT_EMIT_LOC_STRINGS = NO;
				SWIFT_UPCOMING_FEATURE_MEMBER_IMPORT_VISIBILITY = YES;
				SWIFT_VERSION = 5.0;
				TARGETED_DEVICE_FAMILY = "1,2";
				TEST_TARGET_NAME = MemoryGame224;
			};
			name = Release;
		};
/* End XCBuildConfiguration section */

/* Begin XCConfigurationList section */
		245797B12F0C40000038AED1 /* Build configuration list for PBXProject "MemoryGame224" */ = {
			isa = XCConfigurationList;
			buildConfigurations = (
				245797D52F0C40010038AED1 /* Debug */,
				245797D62F0C40010038AED1 /* Release */,
			);
			defaultConfigurationIsVisible = 0;
			defaultConfigurationName = Release;
		};
		245797D72F0C40010038AED1 /* Build configuration list for PBXNativeTarget "MemoryGame224" */ = {
			isa = XCConfigurationList;
			buildConfigurations = (
				245797D82F0C40010038AED1 /* Debug */,
				245797D92F0C40010038AED1 /* Release */,
			);
			defaultConfigurationIsVisible = 0;
			defaultConfigurationName = Release;
		};
		245797DA2F0C40010038AED1 /* Build configuration list for PBXNativeTarget "MemoryGame224Tests" */ = {
			isa = XCConfigurationList;
			buildConfigurations = (
				245797DB2F0C40010038AED1 /* Debug */,
				245797DC2F0C40010038AED1 /* Release */,
			);
			defaultConfigurationIsVisible = 0;
			defaultConfigurationName = Release;
		};
		245797DD2F0C40010038AED1 /* Build configuration list for PBXNativeTarget "MemoryGame224UITests" */ = {
			isa = XCConfigurationList;
			buildConfigurations = (
				245797DE2F0C40010038AED1 /* Debug */,
				245797DF2F0C40010038AED1 /* Release */,
			);
			defaultConfigurationIsVisible = 0;
			defaultConfigurationName = Release;
		};
/* End XCConfigurationList section */
	};
	rootObject = 245797AE2F0C40000038AED1 /* Project object */;
}
